# THIS IS AN AUTOGENERATED FILE. DO NOT EDIT THIS FILE DIRECTLY.
# yarn lockfile v1


"@peculiar/asn1-schema@^2.0.27", "@peculiar/asn1-schema@^2.0.32":
  version "2.0.36"
  resolved "https://registry.yarnpkg.com/@peculiar/asn1-schema/-/asn1-schema-2.0.36.tgz#ca7978f43ffa4f35fbb74436c3f983c10a69ac27"
  integrity sha512-x7fdMR6bzOBct2a0PLukrmVrrehHX5uisKRDWN2Bs1HojXd5nCi7MAQeV+umRxPK1oSJDstTBhGq3sLzDbL8Vw==
  dependencies:
    "@types/asn1js" "^2.0.0"
    asn1js "^2.1.1"
    pvtsutils "^1.1.7"
    tslib "^2.2.0"

"@peculiar/json-schema@^1.1.12":
  version "1.1.12"
  resolved "https://registry.yarnpkg.com/@peculiar/json-schema/-/json-schema-1.1.12.tgz#fe61e85259e3b5ba5ad566cb62ca75b3d3cd5339"
  integrity sha512-coUfuoMeIB7B8/NMekxaDzLhaYmp0HZNPEjYRm9goRou8UZIC3z21s0sL9AWoCw4EG876QyO3kYrc61WNF9B/w==
  dependencies:
    tslib "^2.0.0"

"@peculiar/webcrypto@^1.1.7":
  version "1.1.7"
  resolved "https://registry.yarnpkg.com/@peculiar/webcrypto/-/webcrypto-1.1.7.tgz#ff02008612e67ab7cc2a92fce04a7f0e2a04b71c"
  integrity sha512-aCNLYdHZkvGH+T8/YBOY33jrVGVuLIa3bpizeHXqwN+P4ZtixhA+kxEEWM1amZwUY2nY/iuj+5jdZn/zB7EPPQ==
  dependencies:
    "@peculiar/asn1-schema" "^2.0.32"
    "@peculiar/json-schema" "^1.1.12"
    pvtsutils "^1.1.6"
    tslib "^2.2.0"
    webcrypto-core "^1.2.0"

"@tsconfig/node10@^1.0.7":
  version "1.0.8"
  resolved "https://registry.yarnpkg.com/@tsconfig/node10/-/node10-1.0.8.tgz#c1e4e80d6f964fbecb3359c43bd48b40f7cadad9"
  integrity sha512-6XFfSQmMgq0CFLY1MslA/CPUfhIL919M1rMsa5lP2P097N2Wd1sSX0tx1u4olM16fLNhtHZpRhedZJphNJqmZg==

"@tsconfig/node12@^1.0.7":
  version "1.0.8"
  resolved "https://registry.yarnpkg.com/@tsconfig/node12/-/node12-1.0.8.tgz#a883d62f049a64fea1e56a6bbe66828d11c6241b"
  integrity sha512-LM6XwBhjZRls1qJGpiM/It09SntEwe9M0riXRfQ9s6XlJQG0JPGl92ET18LtGeYh/GuOtafIXqwZeqLOd0FNFQ==

"@tsconfig/node14@^1.0.0":
  version "1.0.1"
  resolved "https://registry.yarnpkg.com/@tsconfig/node14/-/node14-1.0.1.tgz#95f2d167ffb9b8d2068b0b235302fafd4df711f2"
  integrity sha512-509r2+yARFfHHE7T6Puu2jjkoycftovhXRqW328PDXTVGKihlb1P8Z9mMZH04ebyajfRY7dedfGynlrFHJUQCg==

"@tsconfig/node16@^1.0.1":
  version "1.0.1"
  resolved "https://registry.yarnpkg.com/@tsconfig/node16/-/node16-1.0.1.tgz#a6ca6a9a0ff366af433f42f5f0e124794ff6b8f1"
  integrity sha512-FTgBI767POY/lKNDNbIzgAX6miIDBs6NTCbdlDb8TrWovHsSvaVIZDlTqym29C6UqhzwcJx4CYr+AlrMywA0cA==

"@types/asn1js@*", "@types/asn1js@^2.0.0":
  version "2.0.0"
  resolved "https://registry.yarnpkg.com/@types/asn1js/-/asn1js-2.0.0.tgz#10ca75692575744d0117098148a8dc84cbee6682"
  integrity sha512-Jjzp5EqU0hNpADctc/UqhiFbY1y2MqIxBVa2S4dBlbnZHTLPMuggoL5q43X63LpsOIINRDirBjP56DUUKIUWIA==

"@types/node@14":
  version "14.17.3"
  resolved "https://registry.yarnpkg.com/@types/node/-/node-14.17.3.tgz#6d327abaa4be34a74e421ed6409a0ae2f47f4c3d"
  integrity sha512-e6ZowgGJmTuXa3GyaPbTGxX17tnThl2aSSizrFthQ7m9uLGZBXiGhgE55cjRZTF5kjZvYn9EOPOMljdjwbflxw==

"@types/pkijs@^0.0.6":
  version "0.0.6"
  resolved "https://registry.yarnpkg.com/@types/pkijs/-/pkijs-0.0.6.tgz#8a3eb70948b0cc26107249f48b8bd5177eb18660"
  integrity sha512-mNPJOmUH+A2PfE+GXh9gaF8XgFMf956voi/nt4fM5Jo8l69r7PolciBhIjqExR3P34GRGbBOd05/Z1uJbRoF9w==
  dependencies:
    "@types/asn1js" "*"
    "@types/pvutils" "*"

"@types/pvutils@*":
  version "1.0.0"
  resolved "https://registry.yarnpkg.com/@types/pvutils/-/pvutils-1.0.0.tgz#e25af3b713e3a14a06f6c5974a6b5e4601bdf127"
  integrity sha512-Z0pssWyJimqFb4u1aOlAZ7m4X1BSyzOYR2wiuv1V0WfTq1jsOFhl9QgjMUwr92R28Dfwq3eQxziKarmuaKCkKw==

arg@^4.1.0:
  version "4.1.3"
  resolved "https://registry.yarnpkg.com/arg/-/arg-4.1.3.tgz#269fc7ad5b8e42cb63c896d5666017261c144089"
  integrity sha512-58S9QDqG0Xx27YwPSt9fJxivjYl432YCwfDMfZ+71RAqUrZef7LrKQZ3LHLOwCS4FLNBplP533Zx895SeOCHvA==

asn1js@^2.0.26, asn1js@^2.1.1:
  version "2.1.1"
  resolved "https://registry.yarnpkg.com/asn1js/-/asn1js-2.1.1.tgz#bb3896191ebb5fb1caeda73436a6c6e20a2eedff"
  integrity sha512-t9u0dU0rJN4ML+uxgN6VM2Z4H5jWIYm0w8LsZLzMJaQsgL3IJNbxHgmbWDvJAwspyHpDFuzUaUFh4c05UB4+6g==
  dependencies:
    pvutils latest

buffer-from@^1.0.0:
  version "1.1.1"
  resolved "https://registry.yarnpkg.com/buffer-from/-/buffer-from-1.1.1.tgz#32713bc028f75c02fdb710d7c7bcec1f2c6070ef"
  integrity sha512-MQcXEUbCKtEo7bhqEs6560Hyd4XaovZlO/k9V3hjVUF/zwW7KBVdSK4gIt/bzwS9MbR5qob+F5jusZsb0YQK2A==

bytestreamjs@^1.0.29:
  version "1.0.29"
  resolved "https://registry.yarnpkg.com/bytestreamjs/-/bytestreamjs-1.0.29.tgz#691f8ee8e5a150c61b925993a3eec0911ed17f1d"
  integrity sha512-Mri3yqoo9YvdaSvD5OYl4Rdu9zCBJInW/Ez31sdlNY4ikMy//EvTTmidfLcs0e+NBvKVEpPzYvJAesjgMdjnZg==

create-require@^1.1.0:
  version "1.1.1"
  resolved "https://registry.yarnpkg.com/create-require/-/create-require-1.1.1.tgz#c1d7e8f1e5f6cfc9ff65f9cd352d37348756c333"
  integrity sha512-dcKFX3jn0MpIaXjisoRvexIJVEKzaq7z2rZKxf+MSr9TkdmHmsU4m2lcLojrj/FHl8mk5VxMmYA+ftRkP/3oKQ==

diff@^4.0.1:
  version "4.0.2"
  resolved "https://registry.yarnpkg.com/diff/-/diff-4.0.2.tgz#60f3aecb89d5fae520c11aa19efc2bb982aade7d"
  integrity sha512-58lmxKSA4BNyLz+HHMUzlOEpg09FV+ev6ZMe3vJihgdxzgcwZ8VoEEPmALCZG9LmqfVoNMMKpttIYTVG6uDY7A==

make-error@^1.1.1:
  version "1.3.6"
  resolved "https://registry.yarnpkg.com/make-error/-/make-error-1.3.6.tgz#2eb2e37ea9b67c4891f684a1394799af484cf7a2"
  integrity sha512-s8UhlNe7vPKomQhC1qFelMokr/Sc3AgNbso3n74mVPA5LTZwkB9NlXf4XPamLxJE8h0gh73rM94xvwRT2CVInw==

pkijs@^2.1.95:
  version "2.1.95"
  resolved "https://registry.yarnpkg.com/pkijs/-/pkijs-2.1.95.tgz#f87f5ca69816ab765f9c5b5477056675249c885d"
  integrity sha512-e+lKETqg/YA1LdX+ld5tTr0VFDWI72XlZc87IGNaMsJX3aVDIC8kBAYOO4agCNSbpUAqjqLMRW5F0R5YQk9Z+Q==
  dependencies:
    asn1js "^2.1.1"
    bytestreamjs "^1.0.29"
    pvutils "^1.0.17"

pvtsutils@^1.1.2, pvtsutils@^1.1.6, pvtsutils@^1.1.7:
  version "1.1.7"
  resolved "https://registry.yarnpkg.com/pvtsutils/-/pvtsutils-1.1.7.tgz#39a65ccb3b7448c974f6a6141ce2aad037b3f13c"
  integrity sha512-faOiD/XpB/cIebRzYwzYjCmYgiDd53YEBni+Mt1+8/HlrARHYBpsU2OHOt3EZ1ZhfRNxPL0dH3K/vKaMgNWVGA==
  dependencies:
    tslib "^2.2.0"

pvutils@^1.0.17, pvutils@latest:
  version "1.0.17"
  resolved "https://registry.yarnpkg.com/pvutils/-/pvutils-1.0.17.tgz#ade3c74dfe7178944fe44806626bd2e249d996bf"
  integrity sha512-wLHYUQxWaXVQvKnwIDWFVKDJku9XDCvyhhxoq8dc5MFdIlRenyPI9eSfEtcvgHgD7FlvCyGAlWgOzRnZD99GZQ==

source-map-support@^0.5.17:
  version "0.5.19"
  resolved "https://registry.yarnpkg.com/source-map-support/-/source-map-support-0.5.19.tgz#a98b62f86dcaf4f67399648c085291ab9e8fed61"
  integrity sha512-Wonm7zOCIJzBGQdB+thsPar0kYuCIzYvxZwlBa87yi/Mdjv7Tip2cyVbLj5o0cFPN4EVkuTwb3GDDyUx2DGnGw==
  dependencies:
    buffer-from "^1.0.0"
    source-map "^0.6.0"

source-map@^0.6.0:
  version "0.6.1"
  resolved "https://registry.yarnpkg.com/source-map/-/source-map-0.6.1.tgz#74722af32e9614e9c287a8d0bbde48b5e2f1a263"
  integrity sha512-UjgapumWlbMhkBgzT7Ykc5YXUT46F0iKu8SGXq0bcwP5dz/h0Plj6enJqjz1Zbq2l5WaqYnrVbwWOWMyF3F47g==

ts-node@^10.0.0:
  version "10.0.0"
  resolved "https://registry.yarnpkg.com/ts-node/-/ts-node-10.0.0.tgz#05f10b9a716b0b624129ad44f0ea05dac84ba3be"
  integrity sha512-ROWeOIUvfFbPZkoDis0L/55Fk+6gFQNZwwKPLinacRl6tsxstTF1DbAcLKkovwnpKMVvOMHP1TIbnwXwtLg1gg==
  dependencies:
    "@tsconfig/node10" "^1.0.7"
    "@tsconfig/node12" "^1.0.7"
    "@tsconfig/node14" "^1.0.0"
    "@tsconfig/node16" "^1.0.1"
    arg "^4.1.0"
    create-require "^1.1.0"
    diff "^4.0.1"
    make-error "^1.1.1"
    source-map-support "^0.5.17"
    yn "3.1.1"

tslib@^2.0.0, tslib@^2.1.0, tslib@^2.2.0:
  version "2.3.0"
  resolved "https://registry.yarnpkg.com/tslib/-/tslib-2.3.0.tgz#803b8cdab3e12ba581a4ca41c8839bbb0dacb09e"
  integrity sha512-N82ooyxVNm6h1riLCoyS9e3fuJ3AMG2zIZs2Gd1ATcSFjSA23Q0fzjjZeh0jbJvWVDZ0cJT8yaNNaaXHzueNjg==

typescript@^4.3.2:
  version "4.3.2"
  resolved "https://registry.yarnpkg.com/typescript/-/typescript-4.3.2.tgz#399ab18aac45802d6f2498de5054fcbbe716a805"
  integrity sha512-zZ4hShnmnoVnAHpVHWpTcxdv7dWP60S2FsydQLV8V5PbS3FifjWFFRiHSWpDJahly88PRyV5teTSLoq4eG7mKw==

webcrypto-core@^1.2.0:
  version "1.2.0"
  resolved "https://registry.yarnpkg.com/webcrypto-core/-/webcrypto-core-1.2.0.tgz#44fda3f9315ed6effe9a1e47466e0935327733b5"
  integrity sha512-p76Z/YLuE4CHCRdc49FB/ETaM4bzM3roqWNJeGs+QNY1fOTzKTOVnhmudW1fuO+5EZg6/4LG9NJ6gaAyxTk9XQ==
  dependencies:
    "@peculiar/asn1-schema" "^2.0.27"
    "@peculiar/json-schema" "^1.1.12"
    asn1js "^2.0.26"
    pvtsutils "^1.1.2"
    tslib "^2.1.0"

yn@3.1.1:
  version "3.1.1"
  resolved "https://registry.yarnpkg.com/yn/-/yn-3.1.1.tgz#1e87401a09d767c1d5eab26a6e4c185182d2eb50"
  integrity sha512-Ux4ygGWsu2c7isFWe8Yu1YluJmqVhxqK2cLXNQA5AcC3QfbGNpM7fu0Y8b/z16pXLnFxZYvWhd3fhBY9DLmC6Q==
